
Microsoft Visual Studio Solution File, Format Version 12.00
# Visual Studio 15
VisualStudioVersion = 15.0.27428.2037
MinimumVisualStudioVersion = 10.0.40219.1
Project("{FAE04EC0-301F-11D3-BF4B-00C04F79EFBC}") = "Lab29API", "Lab29API\Lab29API.csproj", "{F7C5E0A8-1BFB-485D-8B5D-3C7C58334940}"
EndProject
Global
	GlobalSection(SolutionConfigurationPlatforms) = preSolution
		Debug|Any CPU = Debug|Any CPU
		Release|Any CPU = Release|Any CPU
	EndGlobalSection
	GlobalSection(ProjectConfigurationPlatforms) = postSolution
		{F7C5E0A8-1BFB-485D-8B5D-3C7C58334940}.Debug|Any CPU.ActiveCfg = Debug|Any CPU
		{F7C5E0A8-1BFB-485D-8B5D-3C7C58334940}.Debug|Any CPU.Build.0 = Debug|Any CPU
		{F7C5E0A8-1BFB-485D-8B5D-3C7C58334940}.Release|Any CPU.ActiveCfg = Release|Any CPU
		{F7C5E0A8-1BFB-485D-8B5D-3C7C58334940}.Release|Any CPU.Build.0 = Release|Any CPU
	EndGlobalSection
	GlobalSection(SolutionProperties) = preSolution
		HideSolutionNode = FALSE
	EndGlobalSection
	GlobalSection(ExtensibilityGlobals) = postSolution
		SolutionGuid = {199D266C-F5E7-4402-9FBC-CE9C5464F83C}
	EndGlobalSection
EndGlobal
